
Microsoft Visual Studio Solution File, Format Version 12.00
# Visual Studio 15
VisualStudioVersion = 15.0.27428.2037
MinimumVisualStudioVersion = 10.0.40219.1
Project("{FAE04EC0-301F-11D3-BF4B-00C04F79EFBC}") = "kitap_degerlendirme_ve_tavsiye", "kitap_degerlendirme_ve_tavsiye\kitap_degerlendirme_ve_tavsiye.csproj", "{500BE1F0-00E6-498F-909E-11DE8B3C98FE}"
EndProject
Global
	GlobalSection(SolutionConfigurationPlatforms) = preSolution
		Debug|Any CPU = Debug|Any CPU
		Release|Any CPU = Release|Any CPU
	EndGlobalSection
	GlobalSection(ProjectConfigurationPlatforms) = postSolution
		{500BE1F0-00E6-498F-909E-11DE8B3C98FE}.Debug|Any CPU.ActiveCfg = Debug|Any CPU
		{500BE1F0-00E6-498F-909E-11DE8B3C98FE}.Debug|Any CPU.Build.0 = Debug|Any CPU
		{500BE1F0-00E6-498F-909E-11DE8B3C98FE}.Release|Any CPU.ActiveCfg = Release|Any CPU
		{500BE1F0-00E6-498F-909E-11DE8B3C98FE}.Release|Any CPU.Build.0 = Release|Any CPU
	EndGlobalSection
	GlobalSection(SolutionProperties) = preSolution
		HideSolutionNode = FALSE
	EndGlobalSection
	GlobalSection(ExtensibilityGlobals) = postSolution
		SolutionGuid = {D00A46CA-0E1D-442F-8C4C-9D297E72B881}
	EndGlobalSection
EndGlobal
